
Microsoft Visual Studio Solution File, Format Version 12.00
# Visual Studio Version 17
VisualStudioVersion = 17.0.31903.59
MinimumVisualStudioVersion = 10.0.40219.1
Project("{FAE04EC0-301F-11D3-BF4B-00C04F79EFBC}") = "GunDecorations", "GunDecorations\GunDecorations.csproj", "{8A3096FE-81A4-431F-98D2-FA48ED5246A7}"
EndProject
Project("{FAE04EC0-301F-11D3-BF4B-00C04F79EFBC}") = "BearAdapter", "BearAdapter\BearAdapter.csproj", "{D0EF63DA-1210-4F59-AE98-6A914DC1DF74}"
EndProject
Project("{FAE04EC0-301F-11D3-BF4B-00C04F79EFBC}") = "Descompressor", "Descompressor\Descompressor.csproj", "{13F0B1E9-BE46-4DCF-A785-D6BE2769BF67}"
EndProject
Project("{FAE04EC0-301F-11D3-BF4B-00C04F79EFBC}") = "FileStreams", "FileStreams\FileStreams.csproj", "{84055130-7F75-4D03-982E-D2E63546720D}"
EndProject
Global
	GlobalSection(SolutionConfigurationPlatforms) = preSolution
		Debug|Any CPU = Debug|Any CPU
		Release|Any CPU = Release|Any CPU
	EndGlobalSection
	GlobalSection(SolutionProperties) = preSolution
		HideSolutionNode = FALSE
	EndGlobalSection
	GlobalSection(ProjectConfigurationPlatforms) = postSolution
		{8A3096FE-81A4-431F-98D2-FA48ED5246A7}.Debug|Any CPU.ActiveCfg = Debug|Any CPU
		{8A3096FE-81A4-431F-98D2-FA48ED5246A7}.Debug|Any CPU.Build.0 = Debug|Any CPU
		{8A3096FE-81A4-431F-98D2-FA48ED5246A7}.Release|Any CPU.ActiveCfg = Release|Any CPU
		{8A3096FE-81A4-431F-98D2-FA48ED5246A7}.Release|Any CPU.Build.0 = Release|Any CPU
		{D0EF63DA-1210-4F59-AE98-6A914DC1DF74}.Debug|Any CPU.ActiveCfg = Debug|Any CPU
		{D0EF63DA-1210-4F59-AE98-6A914DC1DF74}.Debug|Any CPU.Build.0 = Debug|Any CPU
		{D0EF63DA-1210-4F59-AE98-6A914DC1DF74}.Release|Any CPU.ActiveCfg = Release|Any CPU
		{D0EF63DA-1210-4F59-AE98-6A914DC1DF74}.Release|Any CPU.Build.0 = Release|Any CPU
		{13F0B1E9-BE46-4DCF-A785-D6BE2769BF67}.Debug|Any CPU.ActiveCfg = Debug|Any CPU
		{13F0B1E9-BE46-4DCF-A785-D6BE2769BF67}.Debug|Any CPU.Build.0 = Debug|Any CPU
		{13F0B1E9-BE46-4DCF-A785-D6BE2769BF67}.Release|Any CPU.ActiveCfg = Release|Any CPU
		{13F0B1E9-BE46-4DCF-A785-D6BE2769BF67}.Release|Any CPU.Build.0 = Release|Any CPU
		{84055130-7F75-4D03-982E-D2E63546720D}.Debug|Any CPU.ActiveCfg = Debug|Any CPU
		{84055130-7F75-4D03-982E-D2E63546720D}.Debug|Any CPU.Build.0 = Debug|Any CPU
		{84055130-7F75-4D03-982E-D2E63546720D}.Release|Any CPU.ActiveCfg = Release|Any CPU
		{84055130-7F75-4D03-982E-D2E63546720D}.Release|Any CPU.Build.0 = Release|Any CPU
	EndGlobalSection
EndGlobal
